// !$*UTF8*$!
{
	archiveVersion = 1;
	classes = {
	};
	objectVersion = 56;
	objects = {

/* Begin PBXBuildFile section */
		3E151B682968FE39007D4311 /* Date+Extension.swift in Sources */ = {isa = PBXBuildFile; fileRef = 3E151B672968FE39007D4311 /* Date+Extension.swift */; };
		3E19103A2963AEC200FBCBC4 /* ChatWithAIApp.swift in Sources */ = {isa = PBXBuildFile; fileRef = 3E1910392963AEC200FBCBC4 /* ChatWithAIApp.swift */; };
		3E19103E2963AEC300FBCBC4 /* Assets.xcassets in Resources */ = {isa = PBXBuildFile; fileRef = 3E19103D2963AEC300FBCBC4 /* Assets.xcassets */; };
		3E1910412963AEC300FBCBC4 /* Preview Assets.xcassets in Resources */ = {isa = PBXBuildFile; fileRef = 3E1910402963AEC300FBCBC4 /* Preview Assets.xcassets */; };
		3E19104D2963AF1900FBCBC4 /* ContentView.swift in Sources */ = {isa = PBXBuildFile; fileRef = 3E19104C2963AF1900FBCBC4 /* ContentView.swift */; };
		3E19104F2963AF3500FBCBC4 /* ChatViewModel.swift in Sources */ = {isa = PBXBuildFile; fileRef = 3E19104E2963AF3500FBCBC4 /* ChatViewModel.swift */; };
		3E19105229647B9600FBCBC4 /* ChatGPTService.swift in Sources */ = {isa = PBXBuildFile; fileRef = 3E19105129647B9600FBCBC4 /* ChatGPTService.swift */; };
		3E255C2A296DC30500B0E987 /* APIKeysView.swift in Sources */ = {isa = PBXBuildFile; fileRef = 3E255C29296DC30500B0E987 /* APIKeysView.swift */; };
		3E255C2C296DDB3700B0E987 /* View+Extension.swift in Sources */ = {isa = PBXBuildFile; fileRef = 3E255C2B296DDB3700B0E987 /* View+Extension.swift */; };
		3E255C2F296DDF6800B0E987 /* SafariWebView.swift in Sources */ = {isa = PBXBuildFile; fileRef = 3E255C2E296DDF6800B0E987 /* SafariWebView.swift */; };
		3E255C31296DDFD300B0E987 /* MaxTokenSettingView.swift in Sources */ = {isa = PBXBuildFile; fileRef = 3E255C30296DDFD300B0E987 /* MaxTokenSettingView.swift */; };
		3E255C33296DDFF300B0E987 /* ModelPickerView.swift in Sources */ = {isa = PBXBuildFile; fileRef = 3E255C32296DDFF300B0E987 /* ModelPickerView.swift */; };
		3E6AD9212976745C00D9D777 /* ContentView.swift in Sources */ = {isa = PBXBuildFile; fileRef = 3E6AD9202976745C00D9D777 /* ContentView.swift */; };
		3E6AD9232976745E00D9D777 /* Assets.xcassets in Resources */ = {isa = PBXBuildFile; fileRef = 3E6AD9222976745D00D9D777 /* Assets.xcassets */; };
		3E6AD9262976745E00D9D777 /* Preview Assets.xcassets in Resources */ = {isa = PBXBuildFile; fileRef = 3E6AD9252976745E00D9D777 /* Preview Assets.xcassets */; };
		3E6AD92B2976748100D9D777 /* ChatWithAIApp.swift in Sources */ = {isa = PBXBuildFile; fileRef = 3E1910392963AEC200FBCBC4 /* ChatWithAIApp.swift */; };
		3E6AD92C297674AE00D9D777 /* String+Extension.swift in Sources */ = {isa = PBXBuildFile; fileRef = 3EDCA1A129667E2500A0AF8B /* String+Extension.swift */; };
		3E6AD92D297674AE00D9D777 /* Date+Extension.swift in Sources */ = {isa = PBXBuildFile; fileRef = 3E151B672968FE39007D4311 /* Date+Extension.swift */; };
		3E6AD92E297674AE00D9D777 /* View+Extension.swift in Sources */ = {isa = PBXBuildFile; fileRef = 3E255C2B296DDB3700B0E987 /* View+Extension.swift */; };
		3E6AD92F297674AE00D9D777 /* ChatMessageView.swift in Sources */ = {isa = PBXBuildFile; fileRef = 3EDCA1952965D8AC00A0AF8B /* ChatMessageView.swift */; };
		3E6AD930297674AE00D9D777 /* ChatsView.swift in Sources */ = {isa = PBXBuildFile; fileRef = 3EDCA1972965D8CC00A0AF8B /* ChatsView.swift */; };
		3E6AD931297674AE00D9D777 /* InformationView.swift in Sources */ = {isa = PBXBuildFile; fileRef = 3EDCA19B2965DA9B00A0AF8B /* InformationView.swift */; };
		3E6AD932297674AE00D9D777 /* ExamplesView.swift in Sources */ = {isa = PBXBuildFile; fileRef = 3E99418729724DD80043F238 /* ExamplesView.swift */; };
		3E6AD933297674AE00D9D777 /* SettingsView.swift in Sources */ = {isa = PBXBuildFile; fileRef = 3EDCA1992965D9B700A0AF8B /* SettingsView.swift */; };
		3E6AD934297674AE00D9D777 /* APIKeysView.swift in Sources */ = {isa = PBXBuildFile; fileRef = 3E255C29296DC30500B0E987 /* APIKeysView.swift */; };
		3E6AD935297674AE00D9D777 /* MaxTokenSettingView.swift in Sources */ = {isa = PBXBuildFile; fileRef = 3E255C30296DDFD300B0E987 /* MaxTokenSettingView.swift */; };
		3E6AD936297674AE00D9D777 /* ModelPickerView.swift in Sources */ = {isa = PBXBuildFile; fileRef = 3E255C32296DDFF300B0E987 /* ModelPickerView.swift */; };
		3E6AD937297674AE00D9D777 /* ChatViewModel.swift in Sources */ = {isa = PBXBuildFile; fileRef = 3E19104E2963AF3500FBCBC4 /* ChatViewModel.swift */; };
		3E6AD938297674AE00D9D777 /* AppViewModel.swift in Sources */ = {isa = PBXBuildFile; fileRef = 3EDCA19D2965FEEB00A0AF8B /* AppViewModel.swift */; };
		3E6AD939297674AE00D9D777 /* DataController.swift in Sources */ = {isa = PBXBuildFile; fileRef = 3EDCA1912964C73300A0AF8B /* DataController.swift */; };
		3E6AD93A297674AE00D9D777 /* ChatGPTService.swift in Sources */ = {isa = PBXBuildFile; fileRef = 3E19105129647B9600FBCBC4 /* ChatGPTService.swift */; };
		3E6AD93B297674AE00D9D777 /* ChatGPTCommand.swift in Sources */ = {isa = PBXBuildFile; fileRef = 3EDCA183296489DC00A0AF8B /* ChatGPTCommand.swift */; };
		3E6AD93C297674AE00D9D777 /* ChatGPTModelType.swift in Sources */ = {isa = PBXBuildFile; fileRef = 3EDCA185296489F800A0AF8B /* ChatGPTModelType.swift */; };
		3E6AD93D297674AE00D9D777 /* EditGPTInstruction.swift in Sources */ = {isa = PBXBuildFile; fileRef = 3EBC8DBB296C5F1D00255649 /* EditGPTInstruction.swift */; };
		3E6AD93E297674AE00D9D777 /* ChatGPT.swift in Sources */ = {isa = PBXBuildFile; fileRef = 3EDCA187296491C800A0AF8B /* ChatGPT.swift */; };
		3E6AD93F297674AE00D9D777 /* ChatGPTEndpoint.swift in Sources */ = {isa = PBXBuildFile; fileRef = 3EDCA189296491F600A0AF8B /* ChatGPTEndpoint.swift */; };
		3E6AD940297674AE00D9D777 /* EditGPTModelType.swift in Sources */ = {isa = PBXBuildFile; fileRef = 3EBC8DBD296C636200255649 /* EditGPTModelType.swift */; };
		3E6AD941297674AE00D9D777 /* Example.swift in Sources */ = {isa = PBXBuildFile; fileRef = 3E99418929724EDE0043F238 /* Example.swift */; };
		3E6AD943297674AE00D9D777 /* Main.xcdatamodeld in Sources */ = {isa = PBXBuildFile; fileRef = 3EDCA18D2964C6D200A0AF8B /* Main.xcdatamodeld */; };
		3E6AD94A2976851000D9D777 /* README.md in Resources */ = {isa = PBXBuildFile; fileRef = 3E6AD9492976851000D9D777 /* README.md */; };
		3E6AD94B2976851000D9D777 /* README.md in Resources */ = {isa = PBXBuildFile; fileRef = 3E6AD9492976851000D9D777 /* README.md */; };
		3E99418829724DD80043F238 /* ExamplesView.swift in Sources */ = {isa = PBXBuildFile; fileRef = 3E99418729724DD80043F238 /* ExamplesView.swift */; };
		3E99418A29724EDE0043F238 /* Example.swift in Sources */ = {isa = PBXBuildFile; fileRef = 3E99418929724EDE0043F238 /* Example.swift */; };
		3EBC8DBC296C5F1D00255649 /* EditGPTInstruction.swift in Sources */ = {isa = PBXBuildFile; fileRef = 3EBC8DBB296C5F1D00255649 /* EditGPTInstruction.swift */; };
		3EBC8DBE296C636200255649 /* EditGPTModelType.swift in Sources */ = {isa = PBXBuildFile; fileRef = 3EBC8DBD296C636200255649 /* EditGPTModelType.swift */; };
		3EDCA184296489DC00A0AF8B /* ChatGPTCommand.swift in Sources */ = {isa = PBXBuildFile; fileRef = 3EDCA183296489DC00A0AF8B /* ChatGPTCommand.swift */; };
		3EDCA186296489F800A0AF8B /* ChatGPTModelType.swift in Sources */ = {isa = PBXBuildFile; fileRef = 3EDCA185296489F800A0AF8B /* ChatGPTModelType.swift */; };
		3EDCA188296491C800A0AF8B /* ChatGPT.swift in Sources */ = {isa = PBXBuildFile; fileRef = 3EDCA187296491C800A0AF8B /* ChatGPT.swift */; };
		3EDCA18A296491F600A0AF8B /* ChatGPTEndpoint.swift in Sources */ = {isa = PBXBuildFile; fileRef = 3EDCA189296491F600A0AF8B /* ChatGPTEndpoint.swift */; };
		3EDCA18F2964C6D200A0AF8B /* Main.xcdatamodeld in Sources */ = {isa = PBXBuildFile; fileRef = 3EDCA18D2964C6D200A0AF8B /* Main.xcdatamodeld */; };
		3EDCA1922964C73300A0AF8B /* DataController.swift in Sources */ = {isa = PBXBuildFile; fileRef = 3EDCA1912964C73300A0AF8B /* DataController.swift */; };
		3EDCA1962965D8AC00A0AF8B /* ChatMessageView.swift in Sources */ = {isa = PBXBuildFile; fileRef = 3EDCA1952965D8AC00A0AF8B /* ChatMessageView.swift */; };
		3EDCA1982965D8CC00A0AF8B /* ChatsView.swift in Sources */ = {isa = PBXBuildFile; fileRef = 3EDCA1972965D8CC00A0AF8B /* ChatsView.swift */; };
		3EDCA19A2965D9B700A0AF8B /* SettingsView.swift in Sources */ = {isa = PBXBuildFile; fileRef = 3EDCA1992965D9B700A0AF8B /* SettingsView.swift */; };
		3EDCA19C2965DA9B00A0AF8B /* InformationView.swift in Sources */ = {isa = PBXBuildFile; fileRef = 3EDCA19B2965DA9B00A0AF8B /* InformationView.swift */; };
		3EDCA19E2965FEEB00A0AF8B /* AppViewModel.swift in Sources */ = {isa = PBXBuildFile; fileRef = 3EDCA19D2965FEEB00A0AF8B /* AppViewModel.swift */; };
		3EDCA1A229667E2500A0AF8B /* String+Extension.swift in Sources */ = {isa = PBXBuildFile; fileRef = 3EDCA1A129667E2500A0AF8B /* String+Extension.swift */; };
/* End PBXBuildFile section */

/* Begin PBXFileReference section */
		3E151B672968FE39007D4311 /* Date+Extension.swift */ = {isa = PBXFileReference; lastKnownFileType = sourcecode.swift; path = "Date+Extension.swift"; sourceTree = "<group>"; };
		3E1910362963AEC200FBCBC4 /* ChatWithAI.app */ = {isa = PBXFileReference; explicitFileType = wrapper.application; includeInIndex = 0; path = ChatWithAI.app; sourceTree = BUILT_PRODUCTS_DIR; };
		3E1910392963AEC200FBCBC4 /* ChatWithAIApp.swift */ = {isa = PBXFileReference; lastKnownFileType = sourcecode.swift; path = ChatWithAIApp.swift; sourceTree = "<group>"; };
		3E19103D2963AEC300FBCBC4 /* Assets.xcassets */ = {isa = PBXFileReference; lastKnownFileType = folder.assetcatalog; path = Assets.xcassets; sourceTree = "<group>"; };
		3E1910402963AEC300FBCBC4 /* Preview Assets.xcassets */ = {isa = PBXFileReference; lastKnownFileType = folder.assetcatalog; path = "Preview Assets.xcassets"; sourceTree = "<group>"; };
		3E19104C2963AF1900FBCBC4 /* ContentView.swift */ = {isa = PBXFileReference; lastKnownFileType = sourcecode.swift; path = ContentView.swift; sourceTree = "<group>"; };
		3E19104E2963AF3500FBCBC4 /* ChatViewModel.swift */ = {isa = PBXFileReference; lastKnownFileType = sourcecode.swift; path = ChatViewModel.swift; sourceTree = "<group>"; };
		3E19105129647B9600FBCBC4 /* ChatGPTService.swift */ = {isa = PBXFileReference; lastKnownFileType = sourcecode.swift; path = ChatGPTService.swift; sourceTree = "<group>"; };
		3E255C29296DC30500B0E987 /* APIKeysView.swift */ = {isa = PBXFileReference; lastKnownFileType = sourcecode.swift; path = APIKeysView.swift; sourceTree = "<group>"; };
		3E255C2B296DDB3700B0E987 /* View+Extension.swift */ = {isa = PBXFileReference; lastKnownFileType = sourcecode.swift; path = "View+Extension.swift"; sourceTree = "<group>"; };
		3E255C2E296DDF6800B0E987 /* SafariWebView.swift */ = {isa = PBXFileReference; lastKnownFileType = sourcecode.swift; path = SafariWebView.swift; sourceTree = "<group>"; };
		3E255C30296DDFD300B0E987 /* MaxTokenSettingView.swift */ = {isa = PBXFileReference; lastKnownFileType = sourcecode.swift; path = MaxTokenSettingView.swift; sourceTree = "<group>"; };
		3E255C32296DDFF300B0E987 /* ModelPickerView.swift */ = {isa = PBXFileReference; lastKnownFileType = sourcecode.swift; path = ModelPickerView.swift; sourceTree = "<group>"; };
		3E6AD91C2976745C00D9D777 /* MacGPTalk.app */ = {isa = PBXFileReference; explicitFileType = wrapper.application; includeInIndex = 0; path = MacGPTalk.app; sourceTree = BUILT_PRODUCTS_DIR; };
		3E6AD9202976745C00D9D777 /* ContentView.swift */ = {isa = PBXFileReference; lastKnownFileType = sourcecode.swift; path = ContentView.swift; sourceTree = "<group>"; };
		3E6AD9222976745D00D9D777 /* Assets.xcassets */ = {isa = PBXFileReference; lastKnownFileType = folder.assetcatalog; path = Assets.xcassets; sourceTree = "<group>"; };
		3E6AD9252976745E00D9D777 /* Preview Assets.xcassets */ = {isa = PBXFileReference; lastKnownFileType = folder.assetcatalog; path = "Preview Assets.xcassets"; sourceTree = "<group>"; };
		3E6AD9272976745E00D9D777 /* MacGPTalk.entitlements */ = {isa = PBXFileReference; lastKnownFileType = text.plist.entitlements; path = MacGPTalk.entitlements; sourceTree = "<group>"; };
		3E6AD9442976782E00D9D777 /* Info.plist */ = {isa = PBXFileReference; fileEncoding = 4; lastKnownFileType = text.plist.xml; path = Info.plist; sourceTree = "<group>"; };
		3E6AD9492976851000D9D777 /* README.md */ = {isa = PBXFileReference; fileEncoding = 4; lastKnownFileType = net.daringfireball.markdown; path = README.md; sourceTree = "<group>"; };
		3E99418729724DD80043F238 /* ExamplesView.swift */ = {isa = PBXFileReference; lastKnownFileType = sourcecode.swift; path = ExamplesView.swift; sourceTree = "<group>"; };
		3E99418929724EDE0043F238 /* Example.swift */ = {isa = PBXFileReference; lastKnownFileType = sourcecode.swift; path = Example.swift; sourceTree = "<group>"; };
		3EBC8DBB296C5F1D00255649 /* EditGPTInstruction.swift */ = {isa = PBXFileReference; lastKnownFileType = sourcecode.swift; path = EditGPTInstruction.swift; sourceTree = "<group>"; };
		3EBC8DBD296C636200255649 /* EditGPTModelType.swift */ = {isa = PBXFileReference; lastKnownFileType = sourcecode.swift; path = EditGPTModelType.swift; sourceTree = "<group>"; };
		3EDCA183296489DC00A0AF8B /* ChatGPTCommand.swift */ = {isa = PBXFileReference; lastKnownFileType = sourcecode.swift; path = ChatGPTCommand.swift; sourceTree = "<group>"; };
		3EDCA185296489F800A0AF8B /* ChatGPTModelType.swift */ = {isa = PBXFileReference; lastKnownFileType = sourcecode.swift; path = ChatGPTModelType.swift; sourceTree = "<group>"; };
		3EDCA187296491C800A0AF8B /* ChatGPT.swift */ = {isa = PBXFileReference; lastKnownFileType = sourcecode.swift; path = ChatGPT.swift; sourceTree = "<group>"; };
		3EDCA189296491F600A0AF8B /* ChatGPTEndpoint.swift */ = {isa = PBXFileReference; lastKnownFileType = sourcecode.swift; path = ChatGPTEndpoint.swift; sourceTree = "<group>"; };
		3EDCA18E2964C6D200A0AF8B /* Main.xcdatamodel */ = {isa = PBXFileReference; lastKnownFileType = wrapper.xcdatamodel; path = Main.xcdatamodel; sourceTree = "<group>"; };
		3EDCA1912964C73300A0AF8B /* DataController.swift */ = {isa = PBXFileReference; lastKnownFileType = sourcecode.swift; path = DataController.swift; sourceTree = "<group>"; };
		3EDCA1952965D8AC00A0AF8B /* ChatMessageView.swift */ = {isa = PBXFileReference; lastKnownFileType = sourcecode.swift; path = ChatMessageView.swift; sourceTree = "<group>"; };
		3EDCA1972965D8CC00A0AF8B /* ChatsView.swift */ = {isa = PBXFileReference; lastKnownFileType = sourcecode.swift; path = ChatsView.swift; sourceTree = "<group>"; };
		3EDCA1992965D9B700A0AF8B /* SettingsView.swift */ = {isa = PBXFileReference; lastKnownFileType = sourcecode.swift; path = SettingsView.swift; sourceTree = "<group>"; };
		3EDCA19B2965DA9B00A0AF8B /* InformationView.swift */ = {isa = PBXFileReference; lastKnownFileType = sourcecode.swift; path = InformationView.swift; sourceTree = "<group>"; };
		3EDCA19D2965FEEB00A0AF8B /* AppViewModel.swift */ = {isa = PBXFileReference; lastKnownFileType = sourcecode.swift; path = AppViewModel.swift; sourceTree = "<group>"; };
		3EDCA1A129667E2500A0AF8B /* String+Extension.swift */ = {isa = PBXFileReference; lastKnownFileType = sourcecode.swift; path = "String+Extension.swift"; sourceTree = "<group>"; };
/* End PBXFileReference section */

/* Begin PBXFrameworksBuildPhase section */
		3E1910332963AEC200FBCBC4 /* Frameworks */ = {
			isa = PBXFrameworksBuildPhase;
			buildActionMask = 2147483647;
			files = (
			);
			runOnlyForDeploymentPostprocessing = 0;
		};
		3E6AD9192976745C00D9D777 /* Frameworks */ = {
			isa = PBXFrameworksBuildPhase;
			buildActionMask = 2147483647;
			files = (
			);
			runOnlyForDeploymentPostprocessing = 0;
		};
/* End PBXFrameworksBuildPhase section */

/* Begin PBXGroup section */
		3E19102D2963AEC200FBCBC4 = {
			isa = PBXGroup;
			children = (
				3E6AD9492976851000D9D777 /* README.md */,
				3E1910382963AEC200FBCBC4 /* ChatWithAI */,
				3E6AD91D2976745C00D9D777 /* MacGPTalk */,
				3E1910372963AEC200FBCBC4 /* Products */,
				3E5AE999296E414600D5E919 /* Frameworks */,
			);
			sourceTree = "<group>";
		};
		3E1910372963AEC200FBCBC4 /* Products */ = {
			isa = PBXGroup;
			children = (
				3E1910362963AEC200FBCBC4 /* ChatWithAI.app */,
				3E6AD91C2976745C00D9D777 /* MacGPTalk.app */,
			);
			name = Products;
			sourceTree = "<group>";
		};
		3E1910382963AEC200FBCBC4 /* ChatWithAI */ = {
			isa = PBXGroup;
			children = (
				3E6AD9442976782E00D9D777 /* Info.plist */,
				3E1910392963AEC200FBCBC4 /* ChatWithAIApp.swift */,
				3E19104C2963AF1900FBCBC4 /* ContentView.swift */,
				3EDCA1A029667E1A00A0AF8B /* Helpers */,
				3EDCA1942965D8A400A0AF8B /* Views */,
				3EDCA1932965D89C00A0AF8B /* ViewModels */,
				3EDCA1902964C71300A0AF8B /* Controllers */,
				3E19105029647B6500FBCBC4 /* Models */,
				3E19103D2963AEC300FBCBC4 /* Assets.xcassets */,
				3EDCA18D2964C6D200A0AF8B /* Main.xcdatamodeld */,
				3E19103F2963AEC300FBCBC4 /* Preview Content */,
			);
			path = ChatWithAI;
			sourceTree = "<group>";
		};
		3E19103F2963AEC300FBCBC4 /* Preview Content */ = {
			isa = PBXGroup;
			children = (
				3E1910402963AEC300FBCBC4 /* Preview Assets.xcassets */,
			);
			path = "Preview Content";
			sourceTree = "<group>";
		};
		3E19105029647B6500FBCBC4 /* Models */ = {
			isa = PBXGroup;
			children = (
				3EDCA183296489DC00A0AF8B /* ChatGPTCommand.swift */,
				3EDCA185296489F800A0AF8B /* ChatGPTModelType.swift */,
				3EBC8DBB296C5F1D00255649 /* EditGPTInstruction.swift */,
				3EDCA187296491C800A0AF8B /* ChatGPT.swift */,
				3EDCA189296491F600A0AF8B /* ChatGPTEndpoint.swift */,
				3EBC8DBD296C636200255649 /* EditGPTModelType.swift */,
				3E99418929724EDE0043F238 /* Example.swift */,
			);
			path = Models;
			sourceTree = "<group>";
		};
		3E255C28296DC2F100B0E987 /* SettingViews */ = {
			isa = PBXGroup;
			children = (
				3EDCA1992965D9B700A0AF8B /* SettingsView.swift */,
				3E255C29296DC30500B0E987 /* APIKeysView.swift */,
				3E255C30296DDFD300B0E987 /* MaxTokenSettingView.swift */,
				3E255C32296DDFF300B0E987 /* ModelPickerView.swift */,
			);
			path = SettingViews;
			sourceTree = "<group>";
		};
		3E255C2D296DDF4C00B0E987 /* SupportViews */ = {
			isa = PBXGroup;
			children = (
				3E255C2E296DDF6800B0E987 /* SafariWebView.swift */,
				3E99418729724DD80043F238 /* ExamplesView.swift */,
			);
			path = SupportViews;
			sourceTree = "<group>";
		};
		3E5AE999296E414600D5E919 /* Frameworks */ = {
			isa = PBXGroup;
			children = (
			);
			name = Frameworks;
			sourceTree = "<group>";
		};
		3E6AD91D2976745C00D9D777 /* MacGPTalk */ = {
			isa = PBXGroup;
			children = (
				3E6AD9202976745C00D9D777 /* ContentView.swift */,
				3E6AD9222976745D00D9D777 /* Assets.xcassets */,
				3E6AD9272976745E00D9D777 /* MacGPTalk.entitlements */,
				3E6AD9242976745E00D9D777 /* Preview Content */,
			);
			path = MacGPTalk;
			sourceTree = "<group>";
		};
		3E6AD9242976745E00D9D777 /* Preview Content */ = {
			isa = PBXGroup;
			children = (
				3E6AD9252976745E00D9D777 /* Preview Assets.xcassets */,
			);
			path = "Preview Content";
			sourceTree = "<group>";
		};
		3EDCA1902964C71300A0AF8B /* Controllers */ = {
			isa = PBXGroup;
			children = (
				3EDCA1912964C73300A0AF8B /* DataController.swift */,
				3E19105129647B9600FBCBC4 /* ChatGPTService.swift */,
			);
			path = Controllers;
			sourceTree = "<group>";
		};
		3EDCA1932965D89C00A0AF8B /* ViewModels */ = {
			isa = PBXGroup;
			children = (
				3E19104E2963AF3500FBCBC4 /* ChatViewModel.swift */,
				3EDCA19D2965FEEB00A0AF8B /* AppViewModel.swift */,
			);
			path = ViewModels;
			sourceTree = "<group>";
		};
		3EDCA1942965D8A400A0AF8B /* Views */ = {
			isa = PBXGroup;
			children = (
				3EDCA1952965D8AC00A0AF8B /* ChatMessageView.swift */,
				3EDCA1972965D8CC00A0AF8B /* ChatsView.swift */,
				3EDCA19B2965DA9B00A0AF8B /* InformationView.swift */,
				3E255C2D296DDF4C00B0E987 /* SupportViews */,
				3E255C28296DC2F100B0E987 /* SettingViews */,
			);
			path = Views;
			sourceTree = "<group>";
		};
		3EDCA1A029667E1A00A0AF8B /* Helpers */ = {
			isa = PBXGroup;
			children = (
				3EDCA1A129667E2500A0AF8B /* String+Extension.swift */,
				3E151B672968FE39007D4311 /* Date+Extension.swift */,
				3E255C2B296DDB3700B0E987 /* View+Extension.swift */,
			);
			path = Helpers;
			sourceTree = "<group>";
		};
/* End PBXGroup section */

/* Begin PBXNativeTarget section */
		3E1910352963AEC200FBCBC4 /* ChatWithAI */ = {
			isa = PBXNativeTarget;
			buildConfigurationList = 3E1910442963AEC300FBCBC4 /* Build configuration list for PBXNativeTarget "ChatWithAI" */;
			buildPhases = (
				3E1910322963AEC200FBCBC4 /* Sources */,
				3E1910332963AEC200FBCBC4 /* Frameworks */,
				3E1910342963AEC200FBCBC4 /* Resources */,
			);
			buildRules = (
			);
			dependencies = (
			);
			name = ChatWithAI;
			packageProductDependencies = (
			);
			productName = ChatWithAI;
			productReference = 3E1910362963AEC200FBCBC4 /* ChatWithAI.app */;
			productType = "com.apple.product-type.application";
		};
		3E6AD91B2976745C00D9D777 /* MacGPTalk */ = {
			isa = PBXNativeTarget;
			buildConfigurationList = 3E6AD9282976745E00D9D777 /* Build configuration list for PBXNativeTarget "MacGPTalk" */;
			buildPhases = (
				3E6AD9182976745C00D9D777 /* Sources */,
				3E6AD9192976745C00D9D777 /* Frameworks */,
				3E6AD91A2976745C00D9D777 /* Resources */,
			);
			buildRules = (
			);
			dependencies = (
			);
			name = MacGPTalk;
			productName = MacGPTalk;
			productReference = 3E6AD91C2976745C00D9D777 /* MacGPTalk.app */;
			productType = "com.apple.product-type.application";
		};
/* End PBXNativeTarget section */

/* Begin PBXProject section */
		3E19102E2963AEC200FBCBC4 /* Project object */ = {
			isa = PBXProject;
			attributes = {
				BuildIndependentTargetsInParallel = 1;
				LastSwiftUpdateCheck = 1420;
				LastUpgradeCheck = 1420;
				TargetAttributes = {
					3E1910352963AEC200FBCBC4 = {
						CreatedOnToolsVersion = 14.2;
					};
					3E6AD91B2976745C00D9D777 = {
						CreatedOnToolsVersion = 14.2;
					};
				};
			};
			buildConfigurationList = 3E1910312963AEC200FBCBC4 /* Build configuration list for PBXProject "ChatWithAI" */;
			compatibilityVersion = "Xcode 14.0";
			developmentRegion = en;
			hasScannedForEncodings = 0;
			knownRegions = (
				en,
				Base,
			);
			mainGroup = 3E19102D2963AEC200FBCBC4;
			packageReferences = (
			);
			productRefGroup = 3E1910372963AEC200FBCBC4 /* Products */;
			projectDirPath = "";
			projectRoot = "";
			targets = (
				3E1910352963AEC200FBCBC4 /* ChatWithAI */,
				3E6AD91B2976745C00D9D777 /* MacGPTalk */,
			);
		};
/* End PBXProject section */

/* Begin PBXResourcesBuildPhase section */
		3E1910342963AEC200FBCBC4 /* Resources */ = {
			isa = PBXResourcesBuildPhase;
			buildActionMask = 2147483647;
			files = (
				3E6AD94A2976851000D9D777 /* README.md in Resources */,
				3E1910412963AEC300FBCBC4 /* Preview Assets.xcassets in Resources */,
				3E19103E2963AEC300FBCBC4 /* Assets.xcassets in Resources */,
			);
			runOnlyForDeploymentPostprocessing = 0;
		};
		3E6AD91A2976745C00D9D777 /* Resources */ = {
			isa = PBXResourcesBuildPhase;
			buildActionMask = 2147483647;
			files = (
				3E6AD94B2976851000D9D777 /* README.md in Resources */,
				3E6AD9262976745E00D9D777 /* Preview Assets.xcassets in Resources */,
				3E6AD9232976745E00D9D777 /* Assets.xcassets in Resources */,
			);
			runOnlyForDeploymentPostprocessing = 0;
		};
/* End PBXResourcesBuildPhase section */

/* Begin PBXSourcesBuildPhase section */
		3E1910322963AEC200FBCBC4 /* Sources */ = {
			isa = PBXSourcesBuildPhase;
			buildActionMask = 2147483647;
			files = (
				3EDCA1A229667E2500A0AF8B /* String+Extension.swift in Sources */,
				3EDCA1982965D8CC00A0AF8B /* ChatsView.swift in Sources */,
				3EDCA1962965D8AC00A0AF8B /* ChatMessageView.swift in Sources */,
				3E19103A2963AEC200FBCBC4 /* ChatWithAIApp.swift in Sources */,
				3EBC8DBC296C5F1D00255649 /* EditGPTInstruction.swift in Sources */,
				3E99418829724DD80043F238 /* ExamplesView.swift in Sources */,
				3E255C2F296DDF6800B0E987 /* SafariWebView.swift in Sources */,
				3E255C31296DDFD300B0E987 /* MaxTokenSettingView.swift in Sources */,
				3E19104F2963AF3500FBCBC4 /* ChatViewModel.swift in Sources */,
				3E255C33296DDFF300B0E987 /* ModelPickerView.swift in Sources */,
				3EBC8DBE296C636200255649 /* EditGPTModelType.swift in Sources */,
				3E19104D2963AF1900FBCBC4 /* ContentView.swift in Sources */,
				3EDCA19E2965FEEB00A0AF8B /* AppViewModel.swift in Sources */,
				3E99418A29724EDE0043F238 /* Example.swift in Sources */,
				3EDCA18F2964C6D200A0AF8B /* Main.xcdatamodeld in Sources */,
				3E255C2A296DC30500B0E987 /* APIKeysView.swift in Sources */,
				3EDCA1922964C73300A0AF8B /* DataController.swift in Sources */,
				3EDCA19C2965DA9B00A0AF8B /* InformationView.swift in Sources */,
				3EDCA188296491C800A0AF8B /* ChatGPT.swift in Sources */,
				3EDCA18A296491F600A0AF8B /* ChatGPTEndpoint.swift in Sources */,
				3E19105229647B9600FBCBC4 /* ChatGPTService.swift in Sources */,
				3EDCA184296489DC00A0AF8B /* ChatGPTCommand.swift in Sources */,
				3EDCA186296489F800A0AF8B /* ChatGPTModelType.swift in Sources */,
				3E151B682968FE39007D4311 /* Date+Extension.swift in Sources */,
				3EDCA19A2965D9B700A0AF8B /* SettingsView.swift in Sources */,
				3E255C2C296DDB3700B0E987 /* View+Extension.swift in Sources */,
			);
			runOnlyForDeploymentPostprocessing = 0;
		};
		3E6AD9182976745C00D9D777 /* Sources */ = {
			isa = PBXSourcesBuildPhase;
			buildActionMask = 2147483647;
			files = (
				3E6AD92C297674AE00D9D777 /* String+Extension.swift in Sources */,
				3E6AD92D297674AE00D9D777 /* Date+Extension.swift in Sources */,
				3E6AD92E297674AE00D9D777 /* View+Extension.swift in Sources */,
				3E6AD92F297674AE00D9D777 /* ChatMessageView.swift in Sources */,
				3E6AD930297674AE00D9D777 /* ChatsView.swift in Sources */,
				3E6AD931297674AE00D9D777 /* InformationView.swift in Sources */,
				3E6AD932297674AE00D9D777 /* ExamplesView.swift in Sources */,
				3E6AD933297674AE00D9D777 /* SettingsView.swift in Sources */,
				3E6AD934297674AE00D9D777 /* APIKeysView.swift in Sources */,
				3E6AD935297674AE00D9D777 /* MaxTokenSettingView.swift in Sources */,
				3E6AD936297674AE00D9D777 /* ModelPickerView.swift in Sources */,
				3E6AD937297674AE00D9D777 /* ChatViewModel.swift in Sources */,
				3E6AD938297674AE00D9D777 /* AppViewModel.swift in Sources */,
				3E6AD939297674AE00D9D777 /* DataController.swift in Sources */,
				3E6AD93A297674AE00D9D777 /* ChatGPTService.swift in Sources */,
				3E6AD93B297674AE00D9D777 /* ChatGPTCommand.swift in Sources */,
				3E6AD93C297674AE00D9D777 /* ChatGPTModelType.swift in Sources */,
				3E6AD93D297674AE00D9D777 /* EditGPTInstruction.swift in Sources */,
				3E6AD93E297674AE00D9D777 /* ChatGPT.swift in Sources */,
				3E6AD93F297674AE00D9D777 /* ChatGPTEndpoint.swift in Sources */,
				3E6AD940297674AE00D9D777 /* EditGPTModelType.swift in Sources */,
				3E6AD941297674AE00D9D777 /* Example.swift in Sources */,
				3E6AD943297674AE00D9D777 /* Main.xcdatamodeld in Sources */,
				3E6AD9212976745C00D9D777 /* ContentView.swift in Sources */,
				3E6AD92B2976748100D9D777 /* ChatWithAIApp.swift in Sources */,
			);
			runOnlyForDeploymentPostprocessing = 0;
		};
/* End PBXSourcesBuildPhase section */

/* Begin XCBuildConfiguration section */
		3E1910422963AEC300FBCBC4 /* Debug */ = {
			isa = XCBuildConfiguration;
			buildSettings = {
				ALWAYS_SEARCH_USER_PATHS = NO;
				CLANG_ANALYZER_NONNULL = YES;
				CLANG_ANALYZER_NUMBER_OBJECT_CONVERSION = YES_AGGRESSIVE;
				CLANG_CXX_LANGUAGE_STANDARD = "gnu++20";
				CLANG_ENABLE_MODULES = YES;
				CLANG_ENABLE_OBJC_ARC = YES;
				CLANG_ENABLE_OBJC_WEAK = YES;
				CLANG_WARN_BLOCK_CAPTURE_AUTORELEASING = YES;
				CLANG_WARN_BOOL_CONVERSION = YES;
				CLANG_WARN_COMMA = YES;
				CLANG_WARN_CONSTANT_CONVERSION = YES;
				CLANG_WARN_DEPRECATED_OBJC_IMPLEMENTATIONS = YES;
				CLANG_WARN_DIRECT_OBJC_ISA_USAGE = YES_ERROR;
				CLANG_WARN_DOCUMENTATION_COMMENTS = YES;
				CLANG_WARN_EMPTY_BODY = YES;
				CLANG_WARN_ENUM_CONVERSION = YES;
				CLANG_WARN_INFINITE_RECURSION = YES;
				CLANG_WARN_INT_CONVERSION = YES;
				CLANG_WARN_NON_LITERAL_NULL_CONVERSION = YES;
				CLANG_WARN_OBJC_IMPLICIT_RETAIN_SELF = YES;
				CLANG_WARN_OBJC_LITERAL_CONVERSION = YES;
				CLANG_WARN_OBJC_ROOT_CLASS = YES_ERROR;
				CLANG_WARN_QUOTED_INCLUDE_IN_FRAMEWORK_HEADER = YES;
				CLANG_WARN_RANGE_LOOP_ANALYSIS = YES;
				CLANG_WARN_STRICT_PROTOTYPES = YES;
				CLANG_WARN_SUSPICIOUS_MOVE = YES;
				CLANG_WARN_UNGUARDED_AVAILABILITY = YES_AGGRESSIVE;
				CLANG_WARN_UNREACHABLE_CODE = YES;
				CLANG_WARN__DUPLICATE_METHOD_MATCH = YES;
				COPY_PHASE_STRIP = NO;
				DEBUG_INFORMATION_FORMAT = dwarf;
				ENABLE_STRICT_OBJC_MSGSEND = YES;
				ENABLE_TESTABILITY = YES;
				GCC_C_LANGUAGE_STANDARD = gnu11;
				GCC_DYNAMIC_NO_PIC = NO;
				GCC_NO_COMMON_BLOCKS = YES;
				GCC_OPTIMIZATION_LEVEL = 0;
				GCC_PREPROCESSOR_DEFINITIONS = (
					"DEBUG=1",
					"$(inherited)",
				);
				GCC_WARN_64_TO_32_BIT_CONVERSION = YES;
				GCC_WARN_ABOUT_RETURN_TYPE = YES_ERROR;
				GCC_WARN_UNDECLARED_SELECTOR = YES;
				GCC_WARN_UNINITIALIZED_AUTOS = YES_AGGRESSIVE;
				GCC_WARN_UNUSED_FUNCTION = YES;
				GCC_WARN_UNUSED_VARIABLE = YES;
				IPHONEOS_DEPLOYMENT_TARGET = 16.0;
				MTL_ENABLE_DEBUG_INFO = INCLUDE_SOURCE;
				MTL_FAST_MATH = YES;
				ONLY_ACTIVE_ARCH = YES;
				SDKROOT = iphoneos;
				SWIFT_ACTIVE_COMPILATION_CONDITIONS = DEBUG;
				SWIFT_OPTIMIZATION_LEVEL = "-Onone";
			};
			name = Debug;
		};
		3E1910432963AEC300FBCBC4 /* Release */ = {
			isa = XCBuildConfiguration;
			buildSettings = {
				ALWAYS_SEARCH_USER_PATHS = NO;
				CLANG_ANALYZER_NONNULL = YES;
				CLANG_ANALYZER_NUMBER_OBJECT_CONVERSION = YES_AGGRESSIVE;
				CLANG_CXX_LANGUAGE_STANDARD = "gnu++20";
				CLANG_ENABLE_MODULES = YES;
				CLANG_ENABLE_OBJC_ARC = YES;
				CLANG_ENABLE_OBJC_WEAK = YES;
				CLANG_WARN_BLOCK_CAPTURE_AUTORELEASING = YES;
				CLANG_WARN_BOOL_CONVERSION = YES;
				CLANG_WARN_COMMA = YES;
				CLANG_WARN_CONSTANT_CONVERSION = YES;
				CLANG_WARN_DEPRECATED_OBJC_IMPLEMENTATIONS = YES;
				CLANG_WARN_DIRECT_OBJC_ISA_USAGE = YES_ERROR;
				CLANG_WARN_DOCUMENTATION_COMMENTS = YES;
				CLANG_WARN_EMPTY_BODY = YES;
				CLANG_WARN_ENUM_CONVERSION = YES;
				CLANG_WARN_INFINITE_RECURSION = YES;
				CLANG_WARN_INT_CONVERSION = YES;
				CLANG_WARN_NON_LITERAL_NULL_CONVERSION = YES;
				CLANG_WARN_OBJC_IMPLICIT_RETAIN_SELF = YES;
				CLANG_WARN_OBJC_LITERAL_CONVERSION = YES;
				CLANG_WARN_OBJC_ROOT_CLASS = YES_ERROR;
				CLANG_WARN_QUOTED_INCLUDE_IN_FRAMEWORK_HEADER = YES;
				CLANG_WARN_RANGE_LOOP_ANALYSIS = YES;
				CLANG_WARN_STRICT_PROTOTYPES = YES;
				CLANG_WARN_SUSPICIOUS_MOVE = YES;
				CLANG_WARN_UNGUARDED_AVAILABILITY = YES_AGGRESSIVE;
				CLANG_WARN_UNREACHABLE_CODE = YES;
				CLANG_WARN__DUPLICATE_METHOD_MATCH = YES;
				COPY_PHASE_STRIP = NO;
				DEBUG_INFORMATION_FORMAT = "dwarf-with-dsym";
				ENABLE_NS_ASSERTIONS = NO;
				ENABLE_STRICT_OBJC_MSGSEND = YES;
				GCC_C_LANGUAGE_STANDARD = gnu11;
				GCC_NO_COMMON_BLOCKS = YES;
				GCC_WARN_64_TO_32_BIT_CONVERSION = YES;
				GCC_WARN_ABOUT_RETURN_TYPE = YES_ERROR;
				GCC_WARN_UNDECLARED_SELECTOR = YES;
				GCC_WARN_UNINITIALIZED_AUTOS = YES_AGGRESSIVE;
				GCC_WARN_UNUSED_FUNCTION = YES;
				GCC_WARN_UNUSED_VARIABLE = YES;
				IPHONEOS_DEPLOYMENT_TARGET = 16.0;
				MTL_ENABLE_DEBUG_INFO = NO;
				MTL_FAST_MATH = YES;
				SDKROOT = iphoneos;
				SWIFT_COMPILATION_MODE = wholemodule;
				SWIFT_OPTIMIZATION_LEVEL = "-O";
				VALIDATE_PRODUCT = YES;
			};
			name = Release;
		};
		3E1910452963AEC300FBCBC4 /* Debug */ = {
			isa = XCBuildConfiguration;
			buildSettings = {
				ASSETCATALOG_COMPILER_APPICON_NAME = AppIcon;
				ASSETCATALOG_COMPILER_GLOBAL_ACCENT_COLOR_NAME = AccentColor;
				CODE_SIGN_STYLE = Automatic;
				CURRENT_PROJECT_VERSION = 1;
				DEVELOPMENT_ASSET_PATHS = "ChatWithAI/Preview\\ Content";
				DEVELOPMENT_TEAM = B6LXP9JCNK;
				ENABLE_PREVIEWS = YES;
				GENERATE_INFOPLIST_FILE = YES;
				INFOPLIST_FILE = ChatWithAI/Info.plist;
				INFOPLIST_KEY_NSFaceIDUsageDescription = "You need to unclock before seeing your API Keys";
				INFOPLIST_KEY_UIApplicationSupportsIndirectInputEvents = YES;
				INFOPLIST_KEY_UILaunchScreen_Generation = YES;
				INFOPLIST_KEY_UISupportedInterfaceOrientations_iPad = "UIInterfaceOrientationPortrait UIInterfaceOrientationPortraitUpsideDown UIInterfaceOrientationLandscapeLeft UIInterfaceOrientationLandscapeRight";
				INFOPLIST_KEY_UISupportedInterfaceOrientations_iPhone = "UIInterfaceOrientationPortrait UIInterfaceOrientationLandscapeLeft UIInterfaceOrientationLandscapeRight";
				IPHONEOS_DEPLOYMENT_TARGET = 16.0;
				LD_RUNPATH_SEARCH_PATHS = (
					"$(inherited)",
					"@executable_path/Frameworks",
				);
				MARKETING_VERSION = 1.0;
				PRODUCT_BUNDLE_IDENTIFIER = com.HuyOng.ChatWithAI;
				PRODUCT_NAME = "$(TARGET_NAME)";
				SUPPORTED_PLATFORMS = "iphoneos iphonesimulator";
				SUPPORTS_MACCATALYST = NO;
				SUPPORTS_MAC_DESIGNED_FOR_IPHONE_IPAD = YES;
				SWIFT_EMIT_LOC_STRINGS = YES;
				SWIFT_VERSION = 5.0;
				TARGETED_DEVICE_FAMILY = "1,2";
			};
			name = Debug;
		};
		3E1910462963AEC300FBCBC4 /* Release */ = {
			isa = XCBuildConfiguration;
			buildSettings = {
				ASSETCATALOG_COMPILER_APPICON_NAME = AppIcon;
				ASSETCATALOG_COMPILER_GLOBAL_ACCENT_COLOR_NAME = AccentColor;
				CODE_SIGN_STYLE = Automatic;
				CURRENT_PROJECT_VERSION = 1;
				DEVELOPMENT_ASSET_PATHS = "ChatWithAI/Preview\\ Content";
				DEVELOPMENT_TEAM = B6LXP9JCNK;
				ENABLE_PREVIEWS = YES;
				GENERATE_INFOPLIST_FILE = YES;
				INFOPLIST_FILE = ChatWithAI/Info.plist;
				INFOPLIST_KEY_NSFaceIDUsageDescription = "You need to unclock before seeing your API Keys";
				INFOPLIST_KEY_UIApplicationSupportsIndirectInputEvents = YES;
				INFOPLIST_KEY_UILaunchScreen_Generation = YES;
				INFOPLIST_KEY_UISupportedInterfaceOrientations_iPad = "UIInterfaceOrientationPortrait UIInterfaceOrientationPortraitUpsideDown UIInterfaceOrientationLandscapeLeft UIInterfaceOrientationLandscapeRight";
				INFOPLIST_KEY_UISupportedInterfaceOrientations_iPhone = "UIInterfaceOrientationPortrait UIInterfaceOrientationLandscapeLeft UIInterfaceOrientationLandscapeRight";
				IPHONEOS_DEPLOYMENT_TARGET = 16.0;
				LD_RUNPATH_SEARCH_PATHS = (
					"$(inherited)",
					"@executable_path/Frameworks",
				);
				MARKETING_VERSION = 1.0;
				PRODUCT_BUNDLE_IDENTIFIER = com.HuyOng.ChatWithAI;
				PRODUCT_NAME = "$(TARGET_NAME)";
				SUPPORTED_PLATFORMS = "iphoneos iphonesimulator";
				SUPPORTS_MACCATALYST = NO;
				SUPPORTS_MAC_DESIGNED_FOR_IPHONE_IPAD = YES;
				SWIFT_EMIT_LOC_STRINGS = YES;
				SWIFT_VERSION = 5.0;
				TARGETED_DEVICE_FAMILY = "1,2";
			};
			name = Release;
		};
		3E6AD9292976745E00D9D777 /* Debug */ = {
			isa = XCBuildConfiguration;
			buildSettings = {
				ASSETCATALOG_COMPILER_APPICON_NAME = AppIcon;
				ASSETCATALOG_COMPILER_GLOBAL_ACCENT_COLOR_NAME = AccentColor;
				CODE_SIGN_ENTITLEMENTS = MacGPTalk/MacGPTalk.entitlements;
				CODE_SIGN_STYLE = Automatic;
				COMBINE_HIDPI_IMAGES = YES;
				CURRENT_PROJECT_VERSION = 1;
				DEVELOPMENT_ASSET_PATHS = "\"MacGPTalk/Preview Content\"";
				DEVELOPMENT_TEAM = B6LXP9JCNK;
				ENABLE_HARDENED_RUNTIME = YES;
				ENABLE_PREVIEWS = YES;
				GENERATE_INFOPLIST_FILE = YES;
				INFOPLIST_KEY_NSHumanReadableCopyright = "";
				LD_RUNPATH_SEARCH_PATHS = (
					"$(inherited)",
					"@executable_path/../Frameworks",
				);
				MACOSX_DEPLOYMENT_TARGET = 13.1;
				MARKETING_VERSION = 1.0;
				PRODUCT_BUNDLE_IDENTIFIER = com.HuyOng.GPTalk.MacGPTalk;
				PRODUCT_NAME = "$(TARGET_NAME)";
				SDKROOT = macosx;
				SWIFT_EMIT_LOC_STRINGS = YES;
				SWIFT_VERSION = 5.0;
			};
			name = Debug;
		};
		3E6AD92A2976745E00D9D777 /* Release */ = {
			isa = XCBuildConfiguration;
			buildSettings = {
				ASSETCATALOG_COMPILER_APPICON_NAME = AppIcon;
				ASSETCATALOG_COMPILER_GLOBAL_ACCENT_COLOR_NAME = AccentColor;
				CODE_SIGN_ENTITLEMENTS = MacGPTalk/MacGPTalk.entitlements;
				CODE_SIGN_STYLE = Automatic;
				COMBINE_HIDPI_IMAGES = YES;
				CURRENT_PROJECT_VERSION = 1;
				DEVELOPMENT_ASSET_PATHS = "\"MacGPTalk/Preview Content\"";
				DEVELOPMENT_TEAM = B6LXP9JCNK;
				ENABLE_HARDENED_RUNTIME = YES;
				ENABLE_PREVIEWS = YES;
				GENERATE_INFOPLIST_FILE = YES;
				INFOPLIST_KEY_NSHumanReadableCopyright = "";
				LD_RUNPATH_SEARCH_PATHS = (
					"$(inherited)",
					"@executable_path/../Frameworks",
				);
				MACOSX_DEPLOYMENT_TARGET = 13.1;
				MARKETING_VERSION = 1.0;
				PRODUCT_BUNDLE_IDENTIFIER = com.HuyOng.GPTalk.MacGPTalk;
				PRODUCT_NAME = "$(TARGET_NAME)";
				SDKROOT = macosx;
				SWIFT_EMIT_LOC_STRINGS = YES;
				SWIFT_VERSION = 5.0;
			};
			name = Release;
		};
/* End XCBuildConfiguration section */

/* Begin XCConfigurationList section */
		3E1910312963AEC200FBCBC4 /* Build configuration list for PBXProject "ChatWithAI" */ = {
			isa = XCConfigurationList;
			buildConfigurations = (
				3E1910422963AEC300FBCBC4 /* Debug */,
				3E1910432963AEC300FBCBC4 /* Release */,
			);
			defaultConfigurationIsVisible = 0;
			defaultConfigurationName = Release;
		};
		3E1910442963AEC300FBCBC4 /* Build configuration list for PBXNativeTarget "ChatWithAI" */ = {
			isa = XCConfigurationList;
			buildConfigurations = (
				3E1910452963AEC300FBCBC4 /* Debug */,
				3E1910462963AEC300FBCBC4 /* Release */,
			);
			defaultConfigurationIsVisible = 0;
			defaultConfigurationName = Release;
		};
		3E6AD9282976745E00D9D777 /* Build configuration list for PBXNativeTarget "MacGPTalk" */ = {
			isa = XCConfigurationList;
			buildConfigurations = (
				3E6AD9292976745E00D9D777 /* Debug */,
				3E6AD92A2976745E00D9D777 /* Release */,
			);
			defaultConfigurationIsVisible = 0;
			defaultConfigurationName = Release;
		};
/* End XCConfigurationList section */

/* Begin XCVersionGroup section */
		3EDCA18D2964C6D200A0AF8B /* Main.xcdatamodeld */ = {
			isa = XCVersionGroup;
			children = (
				3EDCA18E2964C6D200A0AF8B /* Main.xcdatamodel */,
			);
			currentVersion = 3EDCA18E2964C6D200A0AF8B /* Main.xcdatamodel */;
			path = Main.xcdatamodeld;
			sourceTree = "<group>";
			versionGroupType = wrapper.xcdatamodel;
		};
/* End XCVersionGroup section */
	};
	rootObject = 3E19102E2963AEC200FBCBC4 /* Project object */;
}
